
Microsoft Visual Studio Solution File, Format Version 12.00
# Visual Studio Version 16
VisualStudioVersion = 16.0.30804.86
MinimumVisualStudioVersion = 10.0.40219.1
Project("{FAE04EC0-301F-11D3-BF4B-00C04F79EFBC}") = "WebFood", "WebFood\WebFood.csproj", "{437097A0-9FA6-47E7-8692-B87FBB95F549}"
EndProject
Project("{FAE04EC0-301F-11D3-BF4B-00C04F79EFBC}") = "Model", "Model\Model.csproj", "{B95F32CF-6635-4589-8835-FBDAD778E396}"
EndProject
Global
	GlobalSection(SolutionConfigurationPlatforms) = preSolution
		Debug|Any CPU = Debug|Any CPU
		Release|Any CPU = Release|Any CPU
	EndGlobalSection
	GlobalSection(ProjectConfigurationPlatforms) = postSolution
		{437097A0-9FA6-47E7-8692-B87FBB95F549}.Debug|Any CPU.ActiveCfg = Debug|Any CPU
		{437097A0-9FA6-47E7-8692-B87FBB95F549}.Debug|Any CPU.Build.0 = Debug|Any CPU
		{437097A0-9FA6-47E7-8692-B87FBB95F549}.Release|Any CPU.ActiveCfg = Release|Any CPU
		{437097A0-9FA6-47E7-8692-B87FBB95F549}.Release|Any CPU.Build.0 = Release|Any CPU
		{B95F32CF-6635-4589-8835-FBDAD778E396}.Debug|Any CPU.ActiveCfg = Debug|Any CPU
		{B95F32CF-6635-4589-8835-FBDAD778E396}.Debug|Any CPU.Build.0 = Debug|Any CPU
		{B95F32CF-6635-4589-8835-FBDAD778E396}.Release|Any CPU.ActiveCfg = Release|Any CPU
		{B95F32CF-6635-4589-8835-FBDAD778E396}.Release|Any CPU.Build.0 = Release|Any CPU
	EndGlobalSection
	GlobalSection(SolutionProperties) = preSolution
		HideSolutionNode = FALSE
	EndGlobalSection
	GlobalSection(ExtensibilityGlobals) = postSolution
		SolutionGuid = {6C0E374A-6D09-4095-8D1B-18522C1171B6}
	EndGlobalSection
EndGlobal
